
Microsoft Visual Studio Solution File, Format Version 12.00
# Visual Studio Version 17
VisualStudioVersion = 17.0.31903.59
MinimumVisualStudioVersion = 10.0.40219.1
Project("{2150E333-8FDC-42A3-9474-1A3956D46DE8}") = "src", "src", "{827E0CD3-B72D-47B6-A68D-7590B98EB39B}"
EndProject
Project("{2150E333-8FDC-42A3-9474-1A3956D46DE8}") = "VividKernel", "VividKernel", "{A1B160D3-DE5B-5254-8FA1-DB8E36F1627D}"
EndProject
Project("{2150E333-8FDC-42A3-9474-1A3956D46DE8}") = "DataAccessService", "DataAccessService", "{0E4FC4DC-3F54-BC2C-EC71-0768109FE279}"
EndProject
Project("{FAE04EC0-301F-11D3-BF4B-00C04F79EFBC}") = "VividKernelDataAccessService", "src\VividKernel\DataAccessService\VividKernelDataAccessService.csproj", "{D90FE816-BB36-4D6E-B3C7-4B025E6FB0A5}"
EndProject
Project("{2150E333-8FDC-42A3-9474-1A3956D46DE8}") = "DataAccessServiceInDatabase", "DataAccessServiceInDatabase", "{C2B423D6-7668-11F3-BF0D-48677A6DB859}"
EndProject
Project("{FAE04EC0-301F-11D3-BF4B-00C04F79EFBC}") = "VividKernelDataAccessServiceInDatabase", "src\VividKernel\DataAccessServiceInDatabase\VividKernelDataAccessServiceInDatabase.csproj", "{60894D95-E61A-4B60-9F76-C845871DE9B9}"
EndProject
Project("{2150E333-8FDC-42A3-9474-1A3956D46DE8}") = "DataAccessServiceInMemory", "DataAccessServiceInMemory", "{12A22C13-6D85-D679-2AA5-B83890FA807E}"
EndProject
Project("{FAE04EC0-301F-11D3-BF4B-00C04F79EFBC}") = "VividKernelDataAccessServiceInMemory", "src\VividKernel\DataAccessServiceInMemory\VividKernelDataAccessServiceInMemory.csproj", "{FB2D1803-CCFE-4D4D-BCE7-85A1B4626CA9}"
EndProject
Project("{2150E333-8FDC-42A3-9474-1A3956D46DE8}") = "Service", "Service", "{0489C058-EC83-0317-9A71-54C39CC249D6}"
EndProject
Project("{FAE04EC0-301F-11D3-BF4B-00C04F79EFBC}") = "VividKernelService", "src\VividKernel\Service\VividKernelService.csproj", "{E5270BA6-E006-4B31-87E5-0617D0155C70}"
EndProject
Project("{2150E333-8FDC-42A3-9474-1A3956D46DE8}") = "ServiceCore", "ServiceCore", "{45D99737-9413-6FBD-11D0-7C77DC314E45}"
EndProject
Project("{FAE04EC0-301F-11D3-BF4B-00C04F79EFBC}") = "VividKernelServiceCore", "src\VividKernel\ServiceCore\VividKernelServiceCore.csproj", "{D8182E51-B6D4-4323-8C4C-073B51276D85}"
EndProject
Project("{FAE04EC0-301F-11D3-BF4B-00C04F79EFBC}") = "WebserviceLib", "src\VividKernel\WebserviceLib\WebserviceLib.csproj", "{AEE17F48-FEFC-4B22-B16A-68995DC2DA56}"
EndProject
Project("{FAE04EC0-301F-11D3-BF4B-00C04F79EFBC}") = "WebserviceLibInDatabaseInMemoryExe", "src\VividKernel\WebserviceLibInDatabaseInMemoryExe\WebserviceLibInDatabaseInMemoryExe.csproj", "{14F5DED3-9F0B-4AF3-B0C6-EFDAC0FA59E6}"
EndProject
Project("{FAE04EC0-301F-11D3-BF4B-00C04F79EFBC}") = "WebserviceLibInDatabasePgsqlExe", "src\VividKernel\WebserviceLibInDatabasePgsqlExe\WebserviceLibInDatabasePgsqlExe.csproj", "{9D3713B7-B27F-4102-81C9-91F518B416D2}"
EndProject
Project("{FAE04EC0-301F-11D3-BF4B-00C04F79EFBC}") = "WebserviceLibInMemoryExe", "src\VividKernel\WebserviceLibInMemoryExe\WebserviceLibInMemoryExe.csproj", "{27037B86-31FF-48AA-8675-51F06E455EBF}"
EndProject
Project("{2150E333-8FDC-42A3-9474-1A3956D46DE8}") = "test", "test", "{0C88DD14-F956-CE84-757C-A364CCF449FC}"
EndProject
Project("{FAE04EC0-301F-11D3-BF4B-00C04F79EFBC}") = "VividTest", "test\VividTest.csproj", "{579B3473-99D3-4564-B5E1-2CA775228E49}"
EndProject
Global
	GlobalSection(SolutionConfigurationPlatforms) = preSolution
		Debug|Any CPU = Debug|Any CPU
		Debug|x64 = Debug|x64
		Debug|x86 = Debug|x86
		Release|Any CPU = Release|Any CPU
		Release|x64 = Release|x64
		Release|x86 = Release|x86
	EndGlobalSection
	GlobalSection(ProjectConfigurationPlatforms) = postSolution
		{D90FE816-BB36-4D6E-B3C7-4B025E6FB0A5}.Debug|Any CPU.ActiveCfg = Debug|Any CPU
		{D90FE816-BB36-4D6E-B3C7-4B025E6FB0A5}.Debug|Any CPU.Build.0 = Debug|Any CPU
		{D90FE816-BB36-4D6E-B3C7-4B025E6FB0A5}.Debug|x64.ActiveCfg = Debug|Any CPU
		{D90FE816-BB36-4D6E-B3C7-4B025E6FB0A5}.Debug|x64.Build.0 = Debug|Any CPU
		{D90FE816-BB36-4D6E-B3C7-4B025E6FB0A5}.Debug|x86.ActiveCfg = Debug|Any CPU
		{D90FE816-BB36-4D6E-B3C7-4B025E6FB0A5}.Debug|x86.Build.0 = Debug|Any CPU
		{D90FE816-BB36-4D6E-B3C7-4B025E6FB0A5}.Release|Any CPU.ActiveCfg = Release|Any CPU
		{D90FE816-BB36-4D6E-B3C7-4B025E6FB0A5}.Release|Any CPU.Build.0 = Release|Any CPU
		{D90FE816-BB36-4D6E-B3C7-4B025E6FB0A5}.Release|x64.ActiveCfg = Release|Any CPU
		{D90FE816-BB36-4D6E-B3C7-4B025E6FB0A5}.Release|x64.Build.0 = Release|Any CPU
		{D90FE816-BB36-4D6E-B3C7-4B025E6FB0A5}.Release|x86.ActiveCfg = Release|Any CPU
		{D90FE816-BB36-4D6E-B3C7-4B025E6FB0A5}.Release|x86.Build.0 = Release|Any CPU
		{60894D95-E61A-4B60-9F76-C845871DE9B9}.Debug|Any CPU.ActiveCfg = Debug|Any CPU
		{60894D95-E61A-4B60-9F76-C845871DE9B9}.Debug|Any CPU.Build.0 = Debug|Any CPU
		{60894D95-E61A-4B60-9F76-C845871DE9B9}.Debug|x64.ActiveCfg = Debug|Any CPU
		{60894D95-E61A-4B60-9F76-C845871DE9B9}.Debug|x64.Build.0 = Debug|Any CPU
		{60894D95-E61A-4B60-9F76-C845871DE9B9}.Debug|x86.ActiveCfg = Debug|Any CPU
		{60894D95-E61A-4B60-9F76-C845871DE9B9}.Debug|x86.Build.0 = Debug|Any CPU
		{60894D95-E61A-4B60-9F76-C845871DE9B9}.Release|Any CPU.ActiveCfg = Release|Any CPU
		{60894D95-E61A-4B60-9F76-C845871DE9B9}.Release|Any CPU.Build.0 = Release|Any CPU
		{60894D95-E61A-4B60-9F76-C845871DE9B9}.Release|x64.ActiveCfg = Release|Any CPU
		{60894D95-E61A-4B60-9F76-C845871DE9B9}.Release|x64.Build.0 = Release|Any CPU
		{60894D95-E61A-4B60-9F76-C845871DE9B9}.Release|x86.ActiveCfg = Release|Any CPU
		{60894D95-E61A-4B60-9F76-C845871DE9B9}.Release|x86.Build.0 = Release|Any CPU
		{FB2D1803-CCFE-4D4D-BCE7-85A1B4626CA9}.Debug|Any CPU.ActiveCfg = Debug|Any CPU
		{FB2D1803-CCFE-4D4D-BCE7-85A1B4626CA9}.Debug|Any CPU.Build.0 = Debug|Any CPU
		{FB2D1803-CCFE-4D4D-BCE7-85A1B4626CA9}.Debug|x64.ActiveCfg = Debug|Any CPU
		{FB2D1803-CCFE-4D4D-BCE7-85A1B4626CA9}.Debug|x64.Build.0 = Debug|Any CPU
		{FB2D1803-CCFE-4D4D-BCE7-85A1B4626CA9}.Debug|x86.ActiveCfg = Debug|Any CPU
		{FB2D1803-CCFE-4D4D-BCE7-85A1B4626CA9}.Debug|x86.Build.0 = Debug|Any CPU
		{FB2D1803-CCFE-4D4D-BCE7-85A1B4626CA9}.Release|Any CPU.ActiveCfg = Release|Any CPU
		{FB2D1803-CCFE-4D4D-BCE7-85A1B4626CA9}.Release|Any CPU.Build.0 = Release|Any CPU
		{FB2D1803-CCFE-4D4D-BCE7-85A1B4626CA9}.Release|x64.ActiveCfg = Release|Any CPU
		{FB2D1803-CCFE-4D4D-BCE7-85A1B4626CA9}.Release|x64.Build.0 = Release|Any CPU
		{FB2D1803-CCFE-4D4D-BCE7-85A1B4626CA9}.Release|x86.ActiveCfg = Release|Any CPU
		{FB2D1803-CCFE-4D4D-BCE7-85A1B4626CA9}.Release|x86.Build.0 = Release|Any CPU
		{E5270BA6-E006-4B31-87E5-0617D0155C70}.Debug|Any CPU.ActiveCfg = Debug|Any CPU
		{E5270BA6-E006-4B31-87E5-0617D0155C70}.Debug|Any CPU.Build.0 = Debug|Any CPU
		{E5270BA6-E006-4B31-87E5-0617D0155C70}.Debug|x64.ActiveCfg = Debug|Any CPU
		{E5270BA6-E006-4B31-87E5-0617D0155C70}.Debug|x64.Build.0 = Debug|Any CPU
		{E5270BA6-E006-4B31-87E5-0617D0155C70}.Debug|x86.ActiveCfg = Debug|Any CPU
		{E5270BA6-E006-4B31-87E5-0617D0155C70}.Debug|x86.Build.0 = Debug|Any CPU
		{E5270BA6-E006-4B31-87E5-0617D0155C70}.Release|Any CPU.ActiveCfg = Release|Any CPU
		{E5270BA6-E006-4B31-87E5-0617D0155C70}.Release|Any CPU.Build.0 = Release|Any CPU
		{E5270BA6-E006-4B31-87E5-0617D0155C70}.Release|x64.ActiveCfg = Release|Any CPU
		{E5270BA6-E006-4B31-87E5-0617D0155C70}.Release|x64.Build.0 = Release|Any CPU
		{E5270BA6-E006-4B31-87E5-0617D0155C70}.Release|x86.ActiveCfg = Release|Any CPU
		{E5270BA6-E006-4B31-87E5-0617D0155C70}.Release|x86.Build.0 = Release|Any CPU
		{D8182E51-B6D4-4323-8C4C-073B51276D85}.Debug|Any CPU.ActiveCfg = Debug|Any CPU
		{D8182E51-B6D4-4323-8C4C-073B51276D85}.Debug|Any CPU.Build.0 = Debug|Any CPU
		{D8182E51-B6D4-4323-8C4C-073B51276D85}.Debug|x64.ActiveCfg = Debug|Any CPU
		{D8182E51-B6D4-4323-8C4C-073B51276D85}.Debug|x64.Build.0 = Debug|Any CPU
		{D8182E51-B6D4-4323-8C4C-073B51276D85}.Debug|x86.ActiveCfg = Debug|Any CPU
		{D8182E51-B6D4-4323-8C4C-073B51276D85}.Debug|x86.Build.0 = Debug|Any CPU
		{D8182E51-B6D4-4323-8C4C-073B51276D85}.Release|Any CPU.ActiveCfg = Release|Any CPU
		{D8182E51-B6D4-4323-8C4C-073B51276D85}.Release|Any CPU.Build.0 = Release|Any CPU
		{D8182E51-B6D4-4323-8C4C-073B51276D85}.Release|x64.ActiveCfg = Release|Any CPU
		{D8182E51-B6D4-4323-8C4C-073B51276D85}.Release|x64.Build.0 = Release|Any CPU
		{D8182E51-B6D4-4323-8C4C-073B51276D85}.Release|x86.ActiveCfg = Release|Any CPU
		{D8182E51-B6D4-4323-8C4C-073B51276D85}.Release|x86.Build.0 = Release|Any CPU
		{AEE17F48-FEFC-4B22-B16A-68995DC2DA56}.Debug|Any CPU.ActiveCfg = Debug|Any CPU
		{AEE17F48-FEFC-4B22-B16A-68995DC2DA56}.Debug|Any CPU.Build.0 = Debug|Any CPU
		{AEE17F48-FEFC-4B22-B16A-68995DC2DA56}.Debug|x64.ActiveCfg = Debug|Any CPU
		{AEE17F48-FEFC-4B22-B16A-68995DC2DA56}.Debug|x64.Build.0 = Debug|Any CPU
		{AEE17F48-FEFC-4B22-B16A-68995DC2DA56}.Debug|x86.ActiveCfg = Debug|Any CPU
		{AEE17F48-FEFC-4B22-B16A-68995DC2DA56}.Debug|x86.Build.0 = Debug|Any CPU
		{AEE17F48-FEFC-4B22-B16A-68995DC2DA56}.Release|Any CPU.ActiveCfg = Release|Any CPU
		{AEE17F48-FEFC-4B22-B16A-68995DC2DA56}.Release|Any CPU.Build.0 = Release|Any CPU
		{AEE17F48-FEFC-4B22-B16A-68995DC2DA56}.Release|x64.ActiveCfg = Release|Any CPU
		{AEE17F48-FEFC-4B22-B16A-68995DC2DA56}.Release|x64.Build.0 = Release|Any CPU
		{AEE17F48-FEFC-4B22-B16A-68995DC2DA56}.Release|x86.ActiveCfg = Release|Any CPU
		{AEE17F48-FEFC-4B22-B16A-68995DC2DA56}.Release|x86.Build.0 = Release|Any CPU
		{14F5DED3-9F0B-4AF3-B0C6-EFDAC0FA59E6}.Debug|Any CPU.ActiveCfg = Debug|Any CPU
		{14F5DED3-9F0B-4AF3-B0C6-EFDAC0FA59E6}.Debug|Any CPU.Build.0 = Debug|Any CPU
		{14F5DED3-9F0B-4AF3-B0C6-EFDAC0FA59E6}.Debug|x64.ActiveCfg = Debug|Any CPU
		{14F5DED3-9F0B-4AF3-B0C6-EFDAC0FA59E6}.Debug|x64.Build.0 = Debug|Any CPU
		{14F5DED3-9F0B-4AF3-B0C6-EFDAC0FA59E6}.Debug|x86.ActiveCfg = Debug|Any CPU
		{14F5DED3-9F0B-4AF3-B0C6-EFDAC0FA59E6}.Debug|x86.Build.0 = Debug|Any CPU
		{14F5DED3-9F0B-4AF3-B0C6-EFDAC0FA59E6}.Release|Any CPU.ActiveCfg = Release|Any CPU
		{14F5DED3-9F0B-4AF3-B0C6-EFDAC0FA59E6}.Release|Any CPU.Build.0 = Release|Any CPU
		{14F5DED3-9F0B-4AF3-B0C6-EFDAC0FA59E6}.Release|x64.ActiveCfg = Release|Any CPU
		{14F5DED3-9F0B-4AF3-B0C6-EFDAC0FA59E6}.Release|x64.Build.0 = Release|Any CPU
		{14F5DED3-9F0B-4AF3-B0C6-EFDAC0FA59E6}.Release|x86.ActiveCfg = Release|Any CPU
		{14F5DED3-9F0B-4AF3-B0C6-EFDAC0FA59E6}.Release|x86.Build.0 = Release|Any CPU
		{9D3713B7-B27F-4102-81C9-91F518B416D2}.Debug|Any CPU.ActiveCfg = Debug|Any CPU
		{9D3713B7-B27F-4102-81C9-91F518B416D2}.Debug|Any CPU.Build.0 = Debug|Any CPU
		{9D3713B7-B27F-4102-81C9-91F518B416D2}.Debug|x64.ActiveCfg = Debug|Any CPU
		{9D3713B7-B27F-4102-81C9-91F518B416D2}.Debug|x64.Build.0 = Debug|Any CPU
		{9D3713B7-B27F-4102-81C9-91F518B416D2}.Debug|x86.ActiveCfg = Debug|Any CPU
		{9D3713B7-B27F-4102-81C9-91F518B416D2}.Debug|x86.Build.0 = Debug|Any CPU
		{9D3713B7-B27F-4102-81C9-91F518B416D2}.Release|Any CPU.ActiveCfg = Release|Any CPU
		{9D3713B7-B27F-4102-81C9-91F518B416D2}.Release|Any CPU.Build.0 = Release|Any CPU
		{9D3713B7-B27F-4102-81C9-91F518B416D2}.Release|x64.ActiveCfg = Release|Any CPU
		{9D3713B7-B27F-4102-81C9-91F518B416D2}.Release|x64.Build.0 = Release|Any CPU
		{9D3713B7-B27F-4102-81C9-91F518B416D2}.Release|x86.ActiveCfg = Release|Any CPU
		{9D3713B7-B27F-4102-81C9-91F518B416D2}.Release|x86.Build.0 = Release|Any CPU
		{27037B86-31FF-48AA-8675-51F06E455EBF}.Debug|Any CPU.ActiveCfg = Debug|Any CPU
		{27037B86-31FF-48AA-8675-51F06E455EBF}.Debug|Any CPU.Build.0 = Debug|Any CPU
		{27037B86-31FF-48AA-8675-51F06E455EBF}.Debug|x64.ActiveCfg = Debug|Any CPU
		{27037B86-31FF-48AA-8675-51F06E455EBF}.Debug|x64.Build.0 = Debug|Any CPU
		{27037B86-31FF-48AA-8675-51F06E455EBF}.Debug|x86.ActiveCfg = Debug|Any CPU
		{27037B86-31FF-48AA-8675-51F06E455EBF}.Debug|x86.Build.0 = Debug|Any CPU
		{27037B86-31FF-48AA-8675-51F06E455EBF}.Release|Any CPU.ActiveCfg = Release|Any CPU
		{27037B86-31FF-48AA-8675-51F06E455EBF}.Release|Any CPU.Build.0 = Release|Any CPU
		{27037B86-31FF-48AA-8675-51F06E455EBF}.Release|x64.ActiveCfg = Release|Any CPU
		{27037B86-31FF-48AA-8675-51F06E455EBF}.Release|x64.Build.0 = Release|Any CPU
		{27037B86-31FF-48AA-8675-51F06E455EBF}.Release|x86.ActiveCfg = Release|Any CPU
		{27037B86-31FF-48AA-8675-51F06E455EBF}.Release|x86.Build.0 = Release|Any CPU
		{579B3473-99D3-4564-B5E1-2CA775228E49}.Debug|Any CPU.ActiveCfg = Debug|Any CPU
		{579B3473-99D3-4564-B5E1-2CA775228E49}.Debug|Any CPU.Build.0 = Debug|Any CPU
		{579B3473-99D3-4564-B5E1-2CA775228E49}.Debug|x64.ActiveCfg = Debug|Any CPU
		{579B3473-99D3-4564-B5E1-2CA775228E49}.Debug|x64.Build.0 = Debug|Any CPU
		{579B3473-99D3-4564-B5E1-2CA775228E49}.Debug|x86.ActiveCfg = Debug|Any CPU
		{579B3473-99D3-4564-B5E1-2CA775228E49}.Debug|x86.Build.0 = Debug|Any CPU
		{579B3473-99D3-4564-B5E1-2CA775228E49}.Release|Any CPU.ActiveCfg = Release|Any CPU
		{579B3473-99D3-4564-B5E1-2CA775228E49}.Release|Any CPU.Build.0 = Release|Any CPU
		{579B3473-99D3-4564-B5E1-2CA775228E49}.Release|x64.ActiveCfg = Release|Any CPU
		{579B3473-99D3-4564-B5E1-2CA775228E49}.Release|x64.Build.0 = Release|Any CPU
		{579B3473-99D3-4564-B5E1-2CA775228E49}.Release|x86.ActiveCfg = Release|Any CPU
		{579B3473-99D3-4564-B5E1-2CA775228E49}.Release|x86.Build.0 = Release|Any CPU
	EndGlobalSection
	GlobalSection(SolutionProperties) = preSolution
		HideSolutionNode = FALSE
	EndGlobalSection
	GlobalSection(NestedProjects) = preSolution
		{A1B160D3-DE5B-5254-8FA1-DB8E36F1627D} = {827E0CD3-B72D-47B6-A68D-7590B98EB39B}
		{0E4FC4DC-3F54-BC2C-EC71-0768109FE279} = {A1B160D3-DE5B-5254-8FA1-DB8E36F1627D}
		{D90FE816-BB36-4D6E-B3C7-4B025E6FB0A5} = {0E4FC4DC-3F54-BC2C-EC71-0768109FE279}
		{C2B423D6-7668-11F3-BF0D-48677A6DB859} = {A1B160D3-DE5B-5254-8FA1-DB8E36F1627D}
		{60894D95-E61A-4B60-9F76-C845871DE9B9} = {C2B423D6-7668-11F3-BF0D-48677A6DB859}
		{12A22C13-6D85-D679-2AA5-B83890FA807E} = {A1B160D3-DE5B-5254-8FA1-DB8E36F1627D}
		{FB2D1803-CCFE-4D4D-BCE7-85A1B4626CA9} = {12A22C13-6D85-D679-2AA5-B83890FA807E}
		{0489C058-EC83-0317-9A71-54C39CC249D6} = {A1B160D3-DE5B-5254-8FA1-DB8E36F1627D}
		{E5270BA6-E006-4B31-87E5-0617D0155C70} = {0489C058-EC83-0317-9A71-54C39CC249D6}
		{45D99737-9413-6FBD-11D0-7C77DC314E45} = {A1B160D3-DE5B-5254-8FA1-DB8E36F1627D}
		{D8182E51-B6D4-4323-8C4C-073B51276D85} = {45D99737-9413-6FBD-11D0-7C77DC314E45}
		{AEE17F48-FEFC-4B22-B16A-68995DC2DA56} = {A1B160D3-DE5B-5254-8FA1-DB8E36F1627D}
		{14F5DED3-9F0B-4AF3-B0C6-EFDAC0FA59E6} = {A1B160D3-DE5B-5254-8FA1-DB8E36F1627D}
		{9D3713B7-B27F-4102-81C9-91F518B416D2} = {A1B160D3-DE5B-5254-8FA1-DB8E36F1627D}
		{27037B86-31FF-48AA-8675-51F06E455EBF} = {A1B160D3-DE5B-5254-8FA1-DB8E36F1627D}
		{579B3473-99D3-4564-B5E1-2CA775228E49} = {0C88DD14-F956-CE84-757C-A364CCF449FC}
	EndGlobalSection
EndGlobal
