
Microsoft Visual Studio Solution File, Format Version 12.00
# Visual Studio Version 17
VisualStudioVersion = 17.0.31903.59
MinimumVisualStudioVersion = 10.0.40219.1
Project("{2150E333-8FDC-42A3-9474-1A3956D46DE8}") = "src", "src", "{827E0CD3-B72D-47B6-A68D-7590B98EB39B}"
EndProject
Project("{2150E333-8FDC-42A3-9474-1A3956D46DE8}") = "VividKernel", "VividKernel", "{A1B160D3-DE5B-5254-8FA1-DB8E36F1627D}"
EndProject
Project("{2150E333-8FDC-42A3-9474-1A3956D46DE8}") = "DataAccessService", "DataAccessService", "{0E4FC4DC-3F54-BC2C-EC71-0768109FE279}"
EndProject
Project("{FAE04EC0-301F-11D3-BF4B-00C04F79EFBC}") = "VividKernelDataAccessService", "src\VividKernel\DataAccessService\VividKernelDataAccessService.csproj", "{90375695-41C7-49DA-99FD-88884C272F82}"
EndProject
Project("{2150E333-8FDC-42A3-9474-1A3956D46DE8}") = "DataAccessServiceInMemory", "DataAccessServiceInMemory", "{12A22C13-6D85-D679-2AA5-B83890FA807E}"
EndProject
Project("{FAE04EC0-301F-11D3-BF4B-00C04F79EFBC}") = "VividKernelDataAccessServiceInMemory", "src\VividKernel\DataAccessServiceInMemory\VividKernelDataAccessServiceInMemory.csproj", "{62A92AEB-5208-4658-B385-A5494D37A7DA}"
EndProject
Project("{2150E333-8FDC-42A3-9474-1A3956D46DE8}") = "Service", "Service", "{0489C058-EC83-0317-9A71-54C39CC249D6}"
EndProject
Project("{FAE04EC0-301F-11D3-BF4B-00C04F79EFBC}") = "VividKernelService", "src\VividKernel\Service\VividKernelService.csproj", "{E7CD8E2C-26FA-401D-BD1F-CA64B9E527E5}"
EndProject
Project("{2150E333-8FDC-42A3-9474-1A3956D46DE8}") = "ServiceCore", "ServiceCore", "{45D99737-9413-6FBD-11D0-7C77DC314E45}"
EndProject
Project("{FAE04EC0-301F-11D3-BF4B-00C04F79EFBC}") = "VividKernelServiceCore", "src\VividKernel\ServiceCore\VividKernelServiceCore.csproj", "{85A7B925-1E96-4082-8C8E-B47AEBC75BCB}"
EndProject
Project("{2150E333-8FDC-42A3-9474-1A3956D46DE8}") = "test", "test", "{0C88DD14-F956-CE84-757C-A364CCF449FC}"
EndProject
Project("{FAE04EC0-301F-11D3-BF4B-00C04F79EFBC}") = "VividTest", "test\VividTest.csproj", "{CF8F52FA-6A5B-498B-990B-A67F8E95A56E}"
EndProject
Project("{2150E333-8FDC-42A3-9474-1A3956D46DE8}") = "DataAccessServiceInDatabase", "DataAccessServiceInDatabase", "{C2B423D6-7668-11F3-BF0D-48677A6DB859}"
EndProject
Project("{FAE04EC0-301F-11D3-BF4B-00C04F79EFBC}") = "VividKernelDataAccessServiceInDatabase", "src\VividKernel\DataAccessServiceInDatabase\VividKernelDataAccessServiceInDatabase.csproj", "{67079211-61C1-4D11-BE5A-334B54C8ACAA}"
EndProject
Project("{FAE04EC0-301F-11D3-BF4B-00C04F79EFBC}") = "WebserviceLib", "src\VividKernel\WebserviceLib\WebserviceLib.csproj", "{D7960C72-EA34-41C8-B60E-B0DDCD91D7EC}"
EndProject
Project("{2150E333-8FDC-42A3-9474-1A3956D46DE8}") = "WebserviceLibInMemoryExe", "WebserviceLibInMemoryExe", "{46F716BA-FDE3-F203-2A1F-EC49F37FEB54}"
EndProject
Project("{FAE04EC0-301F-11D3-BF4B-00C04F79EFBC}") = "WebserviceLibInMemory", "src\VividKernel\WebserviceLibInMemoryExe\WebserviceLibInMemory.csproj", "{E2929B0E-7CB7-40D5-A8AD-24467BAD18E7}"
EndProject
Project("{FAE04EC0-301F-11D3-BF4B-00C04F79EFBC}") = "WebserviceLibInDatabaseInMemoryExe", "src\VividKernel\WebserviceLibInDatabaseInMemoryExe\WebserviceLibInDatabaseInMemoryExe.csproj", "{AEB22697-CBD4-4C12-B10F-D6BDC07B48CE}"
EndProject
Global
	GlobalSection(SolutionConfigurationPlatforms) = preSolution
		Debug|Any CPU = Debug|Any CPU
		Debug|x64 = Debug|x64
		Debug|x86 = Debug|x86
		Release|Any CPU = Release|Any CPU
		Release|x64 = Release|x64
		Release|x86 = Release|x86
	EndGlobalSection
	GlobalSection(ProjectConfigurationPlatforms) = postSolution
		{90375695-41C7-49DA-99FD-88884C272F82}.Debug|Any CPU.ActiveCfg = Debug|Any CPU
		{90375695-41C7-49DA-99FD-88884C272F82}.Debug|Any CPU.Build.0 = Debug|Any CPU
		{90375695-41C7-49DA-99FD-88884C272F82}.Debug|x64.ActiveCfg = Debug|Any CPU
		{90375695-41C7-49DA-99FD-88884C272F82}.Debug|x64.Build.0 = Debug|Any CPU
		{90375695-41C7-49DA-99FD-88884C272F82}.Debug|x86.ActiveCfg = Debug|Any CPU
		{90375695-41C7-49DA-99FD-88884C272F82}.Debug|x86.Build.0 = Debug|Any CPU
		{90375695-41C7-49DA-99FD-88884C272F82}.Release|Any CPU.ActiveCfg = Release|Any CPU
		{90375695-41C7-49DA-99FD-88884C272F82}.Release|Any CPU.Build.0 = Release|Any CPU
		{90375695-41C7-49DA-99FD-88884C272F82}.Release|x64.ActiveCfg = Release|Any CPU
		{90375695-41C7-49DA-99FD-88884C272F82}.Release|x64.Build.0 = Release|Any CPU
		{90375695-41C7-49DA-99FD-88884C272F82}.Release|x86.ActiveCfg = Release|Any CPU
		{90375695-41C7-49DA-99FD-88884C272F82}.Release|x86.Build.0 = Release|Any CPU
		{62A92AEB-5208-4658-B385-A5494D37A7DA}.Debug|Any CPU.ActiveCfg = Debug|Any CPU
		{62A92AEB-5208-4658-B385-A5494D37A7DA}.Debug|Any CPU.Build.0 = Debug|Any CPU
		{62A92AEB-5208-4658-B385-A5494D37A7DA}.Debug|x64.ActiveCfg = Debug|Any CPU
		{62A92AEB-5208-4658-B385-A5494D37A7DA}.Debug|x64.Build.0 = Debug|Any CPU
		{62A92AEB-5208-4658-B385-A5494D37A7DA}.Debug|x86.ActiveCfg = Debug|Any CPU
		{62A92AEB-5208-4658-B385-A5494D37A7DA}.Debug|x86.Build.0 = Debug|Any CPU
		{62A92AEB-5208-4658-B385-A5494D37A7DA}.Release|Any CPU.ActiveCfg = Release|Any CPU
		{62A92AEB-5208-4658-B385-A5494D37A7DA}.Release|Any CPU.Build.0 = Release|Any CPU
		{62A92AEB-5208-4658-B385-A5494D37A7DA}.Release|x64.ActiveCfg = Release|Any CPU
		{62A92AEB-5208-4658-B385-A5494D37A7DA}.Release|x64.Build.0 = Release|Any CPU
		{62A92AEB-5208-4658-B385-A5494D37A7DA}.Release|x86.ActiveCfg = Release|Any CPU
		{62A92AEB-5208-4658-B385-A5494D37A7DA}.Release|x86.Build.0 = Release|Any CPU
		{E7CD8E2C-26FA-401D-BD1F-CA64B9E527E5}.Debug|Any CPU.ActiveCfg = Debug|Any CPU
		{E7CD8E2C-26FA-401D-BD1F-CA64B9E527E5}.Debug|Any CPU.Build.0 = Debug|Any CPU
		{E7CD8E2C-26FA-401D-BD1F-CA64B9E527E5}.Debug|x64.ActiveCfg = Debug|Any CPU
		{E7CD8E2C-26FA-401D-BD1F-CA64B9E527E5}.Debug|x64.Build.0 = Debug|Any CPU
		{E7CD8E2C-26FA-401D-BD1F-CA64B9E527E5}.Debug|x86.ActiveCfg = Debug|Any CPU
		{E7CD8E2C-26FA-401D-BD1F-CA64B9E527E5}.Debug|x86.Build.0 = Debug|Any CPU
		{E7CD8E2C-26FA-401D-BD1F-CA64B9E527E5}.Release|Any CPU.ActiveCfg = Release|Any CPU
		{E7CD8E2C-26FA-401D-BD1F-CA64B9E527E5}.Release|Any CPU.Build.0 = Release|Any CPU
		{E7CD8E2C-26FA-401D-BD1F-CA64B9E527E5}.Release|x64.ActiveCfg = Release|Any CPU
		{E7CD8E2C-26FA-401D-BD1F-CA64B9E527E5}.Release|x64.Build.0 = Release|Any CPU
		{E7CD8E2C-26FA-401D-BD1F-CA64B9E527E5}.Release|x86.ActiveCfg = Release|Any CPU
		{E7CD8E2C-26FA-401D-BD1F-CA64B9E527E5}.Release|x86.Build.0 = Release|Any CPU
		{85A7B925-1E96-4082-8C8E-B47AEBC75BCB}.Debug|Any CPU.ActiveCfg = Debug|Any CPU
		{85A7B925-1E96-4082-8C8E-B47AEBC75BCB}.Debug|Any CPU.Build.0 = Debug|Any CPU
		{85A7B925-1E96-4082-8C8E-B47AEBC75BCB}.Debug|x64.ActiveCfg = Debug|Any CPU
		{85A7B925-1E96-4082-8C8E-B47AEBC75BCB}.Debug|x64.Build.0 = Debug|Any CPU
		{85A7B925-1E96-4082-8C8E-B47AEBC75BCB}.Debug|x86.ActiveCfg = Debug|Any CPU
		{85A7B925-1E96-4082-8C8E-B47AEBC75BCB}.Debug|x86.Build.0 = Debug|Any CPU
		{85A7B925-1E96-4082-8C8E-B47AEBC75BCB}.Release|Any CPU.ActiveCfg = Release|Any CPU
		{85A7B925-1E96-4082-8C8E-B47AEBC75BCB}.Release|Any CPU.Build.0 = Release|Any CPU
		{85A7B925-1E96-4082-8C8E-B47AEBC75BCB}.Release|x64.ActiveCfg = Release|Any CPU
		{85A7B925-1E96-4082-8C8E-B47AEBC75BCB}.Release|x64.Build.0 = Release|Any CPU
		{85A7B925-1E96-4082-8C8E-B47AEBC75BCB}.Release|x86.ActiveCfg = Release|Any CPU
		{85A7B925-1E96-4082-8C8E-B47AEBC75BCB}.Release|x86.Build.0 = Release|Any CPU
		{CF8F52FA-6A5B-498B-990B-A67F8E95A56E}.Debug|Any CPU.ActiveCfg = Debug|Any CPU
		{CF8F52FA-6A5B-498B-990B-A67F8E95A56E}.Debug|Any CPU.Build.0 = Debug|Any CPU
		{CF8F52FA-6A5B-498B-990B-A67F8E95A56E}.Debug|x64.ActiveCfg = Debug|Any CPU
		{CF8F52FA-6A5B-498B-990B-A67F8E95A56E}.Debug|x64.Build.0 = Debug|Any CPU
		{CF8F52FA-6A5B-498B-990B-A67F8E95A56E}.Debug|x86.ActiveCfg = Debug|Any CPU
		{CF8F52FA-6A5B-498B-990B-A67F8E95A56E}.Debug|x86.Build.0 = Debug|Any CPU
		{CF8F52FA-6A5B-498B-990B-A67F8E95A56E}.Release|Any CPU.ActiveCfg = Release|Any CPU
		{CF8F52FA-6A5B-498B-990B-A67F8E95A56E}.Release|Any CPU.Build.0 = Release|Any CPU
		{CF8F52FA-6A5B-498B-990B-A67F8E95A56E}.Release|x64.ActiveCfg = Release|Any CPU
		{CF8F52FA-6A5B-498B-990B-A67F8E95A56E}.Release|x64.Build.0 = Release|Any CPU
		{CF8F52FA-6A5B-498B-990B-A67F8E95A56E}.Release|x86.ActiveCfg = Release|Any CPU
		{CF8F52FA-6A5B-498B-990B-A67F8E95A56E}.Release|x86.Build.0 = Release|Any CPU
		{67079211-61C1-4D11-BE5A-334B54C8ACAA}.Debug|Any CPU.ActiveCfg = Debug|Any CPU
		{67079211-61C1-4D11-BE5A-334B54C8ACAA}.Debug|Any CPU.Build.0 = Debug|Any CPU
		{67079211-61C1-4D11-BE5A-334B54C8ACAA}.Debug|x64.ActiveCfg = Debug|Any CPU
		{67079211-61C1-4D11-BE5A-334B54C8ACAA}.Debug|x64.Build.0 = Debug|Any CPU
		{67079211-61C1-4D11-BE5A-334B54C8ACAA}.Debug|x86.ActiveCfg = Debug|Any CPU
		{67079211-61C1-4D11-BE5A-334B54C8ACAA}.Debug|x86.Build.0 = Debug|Any CPU
		{67079211-61C1-4D11-BE5A-334B54C8ACAA}.Release|Any CPU.ActiveCfg = Release|Any CPU
		{67079211-61C1-4D11-BE5A-334B54C8ACAA}.Release|Any CPU.Build.0 = Release|Any CPU
		{67079211-61C1-4D11-BE5A-334B54C8ACAA}.Release|x64.ActiveCfg = Release|Any CPU
		{67079211-61C1-4D11-BE5A-334B54C8ACAA}.Release|x64.Build.0 = Release|Any CPU
		{67079211-61C1-4D11-BE5A-334B54C8ACAA}.Release|x86.ActiveCfg = Release|Any CPU
		{67079211-61C1-4D11-BE5A-334B54C8ACAA}.Release|x86.Build.0 = Release|Any CPU
		{D7960C72-EA34-41C8-B60E-B0DDCD91D7EC}.Debug|Any CPU.ActiveCfg = Debug|Any CPU
		{D7960C72-EA34-41C8-B60E-B0DDCD91D7EC}.Debug|Any CPU.Build.0 = Debug|Any CPU
		{D7960C72-EA34-41C8-B60E-B0DDCD91D7EC}.Debug|x64.ActiveCfg = Debug|Any CPU
		{D7960C72-EA34-41C8-B60E-B0DDCD91D7EC}.Debug|x64.Build.0 = Debug|Any CPU
		{D7960C72-EA34-41C8-B60E-B0DDCD91D7EC}.Debug|x86.ActiveCfg = Debug|Any CPU
		{D7960C72-EA34-41C8-B60E-B0DDCD91D7EC}.Debug|x86.Build.0 = Debug|Any CPU
		{D7960C72-EA34-41C8-B60E-B0DDCD91D7EC}.Release|Any CPU.ActiveCfg = Release|Any CPU
		{D7960C72-EA34-41C8-B60E-B0DDCD91D7EC}.Release|Any CPU.Build.0 = Release|Any CPU
		{D7960C72-EA34-41C8-B60E-B0DDCD91D7EC}.Release|x64.ActiveCfg = Release|Any CPU
		{D7960C72-EA34-41C8-B60E-B0DDCD91D7EC}.Release|x64.Build.0 = Release|Any CPU
		{D7960C72-EA34-41C8-B60E-B0DDCD91D7EC}.Release|x86.ActiveCfg = Release|Any CPU
		{D7960C72-EA34-41C8-B60E-B0DDCD91D7EC}.Release|x86.Build.0 = Release|Any CPU
		{E2929B0E-7CB7-40D5-A8AD-24467BAD18E7}.Debug|Any CPU.ActiveCfg = Debug|Any CPU
		{E2929B0E-7CB7-40D5-A8AD-24467BAD18E7}.Debug|Any CPU.Build.0 = Debug|Any CPU
		{E2929B0E-7CB7-40D5-A8AD-24467BAD18E7}.Debug|x64.ActiveCfg = Debug|Any CPU
		{E2929B0E-7CB7-40D5-A8AD-24467BAD18E7}.Debug|x64.Build.0 = Debug|Any CPU
		{E2929B0E-7CB7-40D5-A8AD-24467BAD18E7}.Debug|x86.ActiveCfg = Debug|Any CPU
		{E2929B0E-7CB7-40D5-A8AD-24467BAD18E7}.Debug|x86.Build.0 = Debug|Any CPU
		{E2929B0E-7CB7-40D5-A8AD-24467BAD18E7}.Release|Any CPU.ActiveCfg = Release|Any CPU
		{E2929B0E-7CB7-40D5-A8AD-24467BAD18E7}.Release|Any CPU.Build.0 = Release|Any CPU
		{E2929B0E-7CB7-40D5-A8AD-24467BAD18E7}.Release|x64.ActiveCfg = Release|Any CPU
		{E2929B0E-7CB7-40D5-A8AD-24467BAD18E7}.Release|x64.Build.0 = Release|Any CPU
		{E2929B0E-7CB7-40D5-A8AD-24467BAD18E7}.Release|x86.ActiveCfg = Release|Any CPU
		{E2929B0E-7CB7-40D5-A8AD-24467BAD18E7}.Release|x86.Build.0 = Release|Any CPU
		{AEB22697-CBD4-4C12-B10F-D6BDC07B48CE}.Debug|Any CPU.ActiveCfg = Debug|Any CPU
		{AEB22697-CBD4-4C12-B10F-D6BDC07B48CE}.Debug|Any CPU.Build.0 = Debug|Any CPU
		{AEB22697-CBD4-4C12-B10F-D6BDC07B48CE}.Debug|x64.ActiveCfg = Debug|Any CPU
		{AEB22697-CBD4-4C12-B10F-D6BDC07B48CE}.Debug|x64.Build.0 = Debug|Any CPU
		{AEB22697-CBD4-4C12-B10F-D6BDC07B48CE}.Debug|x86.ActiveCfg = Debug|Any CPU
		{AEB22697-CBD4-4C12-B10F-D6BDC07B48CE}.Debug|x86.Build.0 = Debug|Any CPU
		{AEB22697-CBD4-4C12-B10F-D6BDC07B48CE}.Release|Any CPU.ActiveCfg = Release|Any CPU
		{AEB22697-CBD4-4C12-B10F-D6BDC07B48CE}.Release|Any CPU.Build.0 = Release|Any CPU
		{AEB22697-CBD4-4C12-B10F-D6BDC07B48CE}.Release|x64.ActiveCfg = Release|Any CPU
		{AEB22697-CBD4-4C12-B10F-D6BDC07B48CE}.Release|x64.Build.0 = Release|Any CPU
		{AEB22697-CBD4-4C12-B10F-D6BDC07B48CE}.Release|x86.ActiveCfg = Release|Any CPU
		{AEB22697-CBD4-4C12-B10F-D6BDC07B48CE}.Release|x86.Build.0 = Release|Any CPU
	EndGlobalSection
	GlobalSection(SolutionProperties) = preSolution
		HideSolutionNode = FALSE
	EndGlobalSection
	GlobalSection(NestedProjects) = preSolution
		{A1B160D3-DE5B-5254-8FA1-DB8E36F1627D} = {827E0CD3-B72D-47B6-A68D-7590B98EB39B}
		{0E4FC4DC-3F54-BC2C-EC71-0768109FE279} = {A1B160D3-DE5B-5254-8FA1-DB8E36F1627D}
		{90375695-41C7-49DA-99FD-88884C272F82} = {0E4FC4DC-3F54-BC2C-EC71-0768109FE279}
		{12A22C13-6D85-D679-2AA5-B83890FA807E} = {A1B160D3-DE5B-5254-8FA1-DB8E36F1627D}
		{62A92AEB-5208-4658-B385-A5494D37A7DA} = {12A22C13-6D85-D679-2AA5-B83890FA807E}
		{0489C058-EC83-0317-9A71-54C39CC249D6} = {A1B160D3-DE5B-5254-8FA1-DB8E36F1627D}
		{E7CD8E2C-26FA-401D-BD1F-CA64B9E527E5} = {0489C058-EC83-0317-9A71-54C39CC249D6}
		{45D99737-9413-6FBD-11D0-7C77DC314E45} = {A1B160D3-DE5B-5254-8FA1-DB8E36F1627D}
		{85A7B925-1E96-4082-8C8E-B47AEBC75BCB} = {45D99737-9413-6FBD-11D0-7C77DC314E45}
		{CF8F52FA-6A5B-498B-990B-A67F8E95A56E} = {0C88DD14-F956-CE84-757C-A364CCF449FC}
		{C2B423D6-7668-11F3-BF0D-48677A6DB859} = {A1B160D3-DE5B-5254-8FA1-DB8E36F1627D}
		{67079211-61C1-4D11-BE5A-334B54C8ACAA} = {C2B423D6-7668-11F3-BF0D-48677A6DB859}
		{D7960C72-EA34-41C8-B60E-B0DDCD91D7EC} = {A1B160D3-DE5B-5254-8FA1-DB8E36F1627D}
		{46F716BA-FDE3-F203-2A1F-EC49F37FEB54} = {A1B160D3-DE5B-5254-8FA1-DB8E36F1627D}
		{E2929B0E-7CB7-40D5-A8AD-24467BAD18E7} = {46F716BA-FDE3-F203-2A1F-EC49F37FEB54}
		{AEB22697-CBD4-4C12-B10F-D6BDC07B48CE} = {A1B160D3-DE5B-5254-8FA1-DB8E36F1627D}
	EndGlobalSection
EndGlobal
