
Microsoft Visual Studio Solution File, Format Version 12.00
# Visual Studio Version 17
VisualStudioVersion = 17.0.31903.59
MinimumVisualStudioVersion = 10.0.40219.1
Project("{2150E333-8FDC-42A3-9474-1A3956D46DE8}") = "src", "src", "{827E0CD3-B72D-47B6-A68D-7590B98EB39B}"
EndProject
Project("{2150E333-8FDC-42A3-9474-1A3956D46DE8}") = "Vivid", "Vivid", "{695C77FD-8FC4-4B37-EACA-46A3674453D9}"
EndProject
Project("{2150E333-8FDC-42A3-9474-1A3956D46DE8}") = "Kernel", "Kernel", "{39D438BC-1FAF-1E4F-CDB3-9DF0CF252433}"
EndProject
Project("{2150E333-8FDC-42A3-9474-1A3956D46DE8}") = "DataAccess", "DataAccess", "{DA3D9694-777C-81E6-3498-8B941EC38B6D}"
EndProject
Project("{FAE04EC0-301F-11D3-BF4B-00C04F79EFBC}") = "VividKernelDataAccess", "src\Vivid\Kernel\DataAccess\VividKernelDataAccess.csproj", "{65AD885B-D323-4B38-8A4E-1AD6687AD21D}"
EndProject
Project("{2150E333-8FDC-42A3-9474-1A3956D46DE8}") = "DataAccessInDatabase", "DataAccessInDatabase", "{FB2FA579-F1B5-E751-D1A8-6BA8F753179B}"
EndProject
Project("{FAE04EC0-301F-11D3-BF4B-00C04F79EFBC}") = "VividKernelDataAccessInDatabase", "src\Vivid\Kernel\DataAccessInDatabase\VividKernelDataAccessInDatabase.csproj", "{1C5C3DFC-4E3F-4B07-A4EF-1F6849985B71}"
EndProject
Project("{2150E333-8FDC-42A3-9474-1A3956D46DE8}") = "DataAccessInMemory", "DataAccessInMemory", "{2F2F2146-6C1E-8AE7-8FEB-16D05FA9572D}"
EndProject
Project("{FAE04EC0-301F-11D3-BF4B-00C04F79EFBC}") = "VividKernelDataAccessInMemory", "src\Vivid\Kernel\DataAccessInMemory\VividKernelDataAccessInMemory.csproj", "{246760DB-24BC-4CFF-AEF2-263B4F7BF3F7}"
EndProject
Project("{2150E333-8FDC-42A3-9474-1A3956D46DE8}") = "Service", "Service", "{01E63F61-7851-FEF7-2858-064027261594}"
EndProject
Project("{FAE04EC0-301F-11D3-BF4B-00C04F79EFBC}") = "VividKernelService", "src\Vivid\Kernel\Service\VividKernelService.csproj", "{D2CF5901-BB88-409E-9C65-B3629358733F}"
EndProject
Project("{2150E333-8FDC-42A3-9474-1A3956D46DE8}") = "ServiceCore", "ServiceCore", "{F0DBEE09-A70B-1348-353F-A9F9CB1A3D40}"
EndProject
Project("{FAE04EC0-301F-11D3-BF4B-00C04F79EFBC}") = "VividKernelServiceCore", "src\Vivid\Kernel\ServiceCore\VividKernelServiceCore.csproj", "{847FCA24-1C25-485B-AA18-D1D3D8C84AEE}"
EndProject
Project("{2150E333-8FDC-42A3-9474-1A3956D46DE8}") = "Webservice", "Webservice", "{1D332773-D44C-27B7-38B1-38A692E1AED5}"
EndProject
Project("{FAE04EC0-301F-11D3-BF4B-00C04F79EFBC}") = "VividKernelWebservice", "src\Vivid\Kernel\Webservice\VividKernelWebservice.csproj", "{1271F164-CEE8-4BA9-AF6F-0D79FDDCFBB1}"
EndProject
Project("{2150E333-8FDC-42A3-9474-1A3956D46DE8}") = "WebserviceExeInDatabaseInMemory", "WebserviceExeInDatabaseInMemory", "{1874F4BD-3E18-805F-B522-A9B6D8F6873A}"
EndProject
Project("{FAE04EC0-301F-11D3-BF4B-00C04F79EFBC}") = "VividKernelWebserviceExeInDatabaseInMemory", "src\Vivid\Kernel\WebserviceExeInDatabaseInMemory\VividKernelWebserviceExeInDatabaseInMemory.csproj", "{FF38EF40-47FA-4EB4-9F3D-714B549ABB07}"
EndProject
Project("{2150E333-8FDC-42A3-9474-1A3956D46DE8}") = "WebserviceExeInDatabasePgsql", "WebserviceExeInDatabasePgsql", "{0013698B-260C-D954-7F22-6526D0A3B70C}"
EndProject
Project("{FAE04EC0-301F-11D3-BF4B-00C04F79EFBC}") = "VividKernelWebserviceExeInDatabasePgsql", "src\Vivid\Kernel\WebserviceExeInDatabasePgsql\VividKernelWebserviceExeInDatabasePgsql.csproj", "{0F3C712A-0CEC-43BB-AB1B-6E7D5FEECE2F}"
EndProject
Project("{2150E333-8FDC-42A3-9474-1A3956D46DE8}") = "WebserviceExeInMemory", "WebserviceExeInMemory", "{924A9930-8A23-A708-2DD3-1DB81FB348C2}"
EndProject
Project("{FAE04EC0-301F-11D3-BF4B-00C04F79EFBC}") = "VividKernelWebserviceExeInMemory", "src\Vivid\Kernel\WebserviceExeInMemory\VividKernelWebserviceExeInMemory.csproj", "{E2919639-3DA3-4A20-BA55-958146EB6455}"
EndProject
Project("{2150E333-8FDC-42A3-9474-1A3956D46DE8}") = "test", "test", "{0C88DD14-F956-CE84-757C-A364CCF449FC}"
EndProject
Project("{FAE04EC0-301F-11D3-BF4B-00C04F79EFBC}") = "VividTest", "test\VividTest\VividTest.csproj", "{5C8C88E2-20BE-4C8A-AAE4-BFC35AFD58E0}"
EndProject
Project("{2150E333-8FDC-42A3-9474-1A3956D46DE8}") = "WebserviceExeInDatabaseMariadb", "WebserviceExeInDatabaseMariadb", "{28A02535-94E5-0697-5603-1590EB422D40}"
EndProject
Project("{FAE04EC0-301F-11D3-BF4B-00C04F79EFBC}") = "VividKernelWebserviceExeInDatabaseMariadb", "src\Vivid\Kernel\WebserviceExeInDatabaseMariadb\VividKernelWebserviceExeInDatabaseMariadb.csproj", "{CB06B94C-DBEF-4645-8408-302602275E29}"
EndProject
Project("{2150E333-8FDC-42A3-9474-1A3956D46DE8}") = "Vivid", "Vivid", "{8547CA4C-37DE-B7F4-6A51-6CF5A0CBB7C0}"
EndProject
Project("{2150E333-8FDC-42A3-9474-1A3956D46DE8}") = "Aspire", "Aspire", "{FF0F4B3E-A8D8-D20A-2801-D1C70D33B3B1}"
EndProject
Project("{2150E333-8FDC-42A3-9474-1A3956D46DE8}") = "InDatabaseMariadb", "InDatabaseMariadb", "{3885F16A-3681-1DE7-4D2D-DA979AD8A438}"
EndProject
Project("{FAE04EC0-301F-11D3-BF4B-00C04F79EFBC}") = "VividAspireInDatabaseMariadb", "test\Vivid\Aspire\InDatabaseMariadb\VividAspireInDatabaseMariadb.csproj", "{5FBCA14B-2B81-45CB-A4B6-E2AE77B2DE2A}"
EndProject
Global
	GlobalSection(SolutionConfigurationPlatforms) = preSolution
		Debug|Any CPU = Debug|Any CPU
		Debug|x64 = Debug|x64
		Debug|x86 = Debug|x86
		Release|Any CPU = Release|Any CPU
		Release|x64 = Release|x64
		Release|x86 = Release|x86
	EndGlobalSection
	GlobalSection(ProjectConfigurationPlatforms) = postSolution
		{65AD885B-D323-4B38-8A4E-1AD6687AD21D}.Debug|Any CPU.ActiveCfg = Debug|Any CPU
		{65AD885B-D323-4B38-8A4E-1AD6687AD21D}.Debug|Any CPU.Build.0 = Debug|Any CPU
		{65AD885B-D323-4B38-8A4E-1AD6687AD21D}.Debug|x64.ActiveCfg = Debug|Any CPU
		{65AD885B-D323-4B38-8A4E-1AD6687AD21D}.Debug|x64.Build.0 = Debug|Any CPU
		{65AD885B-D323-4B38-8A4E-1AD6687AD21D}.Debug|x86.ActiveCfg = Debug|Any CPU
		{65AD885B-D323-4B38-8A4E-1AD6687AD21D}.Debug|x86.Build.0 = Debug|Any CPU
		{65AD885B-D323-4B38-8A4E-1AD6687AD21D}.Release|Any CPU.ActiveCfg = Release|Any CPU
		{65AD885B-D323-4B38-8A4E-1AD6687AD21D}.Release|Any CPU.Build.0 = Release|Any CPU
		{65AD885B-D323-4B38-8A4E-1AD6687AD21D}.Release|x64.ActiveCfg = Release|Any CPU
		{65AD885B-D323-4B38-8A4E-1AD6687AD21D}.Release|x64.Build.0 = Release|Any CPU
		{65AD885B-D323-4B38-8A4E-1AD6687AD21D}.Release|x86.ActiveCfg = Release|Any CPU
		{65AD885B-D323-4B38-8A4E-1AD6687AD21D}.Release|x86.Build.0 = Release|Any CPU
		{1C5C3DFC-4E3F-4B07-A4EF-1F6849985B71}.Debug|Any CPU.ActiveCfg = Debug|Any CPU
		{1C5C3DFC-4E3F-4B07-A4EF-1F6849985B71}.Debug|Any CPU.Build.0 = Debug|Any CPU
		{1C5C3DFC-4E3F-4B07-A4EF-1F6849985B71}.Debug|x64.ActiveCfg = Debug|Any CPU
		{1C5C3DFC-4E3F-4B07-A4EF-1F6849985B71}.Debug|x64.Build.0 = Debug|Any CPU
		{1C5C3DFC-4E3F-4B07-A4EF-1F6849985B71}.Debug|x86.ActiveCfg = Debug|Any CPU
		{1C5C3DFC-4E3F-4B07-A4EF-1F6849985B71}.Debug|x86.Build.0 = Debug|Any CPU
		{1C5C3DFC-4E3F-4B07-A4EF-1F6849985B71}.Release|Any CPU.ActiveCfg = Release|Any CPU
		{1C5C3DFC-4E3F-4B07-A4EF-1F6849985B71}.Release|Any CPU.Build.0 = Release|Any CPU
		{1C5C3DFC-4E3F-4B07-A4EF-1F6849985B71}.Release|x64.ActiveCfg = Release|Any CPU
		{1C5C3DFC-4E3F-4B07-A4EF-1F6849985B71}.Release|x64.Build.0 = Release|Any CPU
		{1C5C3DFC-4E3F-4B07-A4EF-1F6849985B71}.Release|x86.ActiveCfg = Release|Any CPU
		{1C5C3DFC-4E3F-4B07-A4EF-1F6849985B71}.Release|x86.Build.0 = Release|Any CPU
		{246760DB-24BC-4CFF-AEF2-263B4F7BF3F7}.Debug|Any CPU.ActiveCfg = Debug|Any CPU
		{246760DB-24BC-4CFF-AEF2-263B4F7BF3F7}.Debug|Any CPU.Build.0 = Debug|Any CPU
		{246760DB-24BC-4CFF-AEF2-263B4F7BF3F7}.Debug|x64.ActiveCfg = Debug|Any CPU
		{246760DB-24BC-4CFF-AEF2-263B4F7BF3F7}.Debug|x64.Build.0 = Debug|Any CPU
		{246760DB-24BC-4CFF-AEF2-263B4F7BF3F7}.Debug|x86.ActiveCfg = Debug|Any CPU
		{246760DB-24BC-4CFF-AEF2-263B4F7BF3F7}.Debug|x86.Build.0 = Debug|Any CPU
		{246760DB-24BC-4CFF-AEF2-263B4F7BF3F7}.Release|Any CPU.ActiveCfg = Release|Any CPU
		{246760DB-24BC-4CFF-AEF2-263B4F7BF3F7}.Release|Any CPU.Build.0 = Release|Any CPU
		{246760DB-24BC-4CFF-AEF2-263B4F7BF3F7}.Release|x64.ActiveCfg = Release|Any CPU
		{246760DB-24BC-4CFF-AEF2-263B4F7BF3F7}.Release|x64.Build.0 = Release|Any CPU
		{246760DB-24BC-4CFF-AEF2-263B4F7BF3F7}.Release|x86.ActiveCfg = Release|Any CPU
		{246760DB-24BC-4CFF-AEF2-263B4F7BF3F7}.Release|x86.Build.0 = Release|Any CPU
		{D2CF5901-BB88-409E-9C65-B3629358733F}.Debug|Any CPU.ActiveCfg = Debug|Any CPU
		{D2CF5901-BB88-409E-9C65-B3629358733F}.Debug|Any CPU.Build.0 = Debug|Any CPU
		{D2CF5901-BB88-409E-9C65-B3629358733F}.Debug|x64.ActiveCfg = Debug|Any CPU
		{D2CF5901-BB88-409E-9C65-B3629358733F}.Debug|x64.Build.0 = Debug|Any CPU
		{D2CF5901-BB88-409E-9C65-B3629358733F}.Debug|x86.ActiveCfg = Debug|Any CPU
		{D2CF5901-BB88-409E-9C65-B3629358733F}.Debug|x86.Build.0 = Debug|Any CPU
		{D2CF5901-BB88-409E-9C65-B3629358733F}.Release|Any CPU.ActiveCfg = Release|Any CPU
		{D2CF5901-BB88-409E-9C65-B3629358733F}.Release|Any CPU.Build.0 = Release|Any CPU
		{D2CF5901-BB88-409E-9C65-B3629358733F}.Release|x64.ActiveCfg = Release|Any CPU
		{D2CF5901-BB88-409E-9C65-B3629358733F}.Release|x64.Build.0 = Release|Any CPU
		{D2CF5901-BB88-409E-9C65-B3629358733F}.Release|x86.ActiveCfg = Release|Any CPU
		{D2CF5901-BB88-409E-9C65-B3629358733F}.Release|x86.Build.0 = Release|Any CPU
		{847FCA24-1C25-485B-AA18-D1D3D8C84AEE}.Debug|Any CPU.ActiveCfg = Debug|Any CPU
		{847FCA24-1C25-485B-AA18-D1D3D8C84AEE}.Debug|Any CPU.Build.0 = Debug|Any CPU
		{847FCA24-1C25-485B-AA18-D1D3D8C84AEE}.Debug|x64.ActiveCfg = Debug|Any CPU
		{847FCA24-1C25-485B-AA18-D1D3D8C84AEE}.Debug|x64.Build.0 = Debug|Any CPU
		{847FCA24-1C25-485B-AA18-D1D3D8C84AEE}.Debug|x86.ActiveCfg = Debug|Any CPU
		{847FCA24-1C25-485B-AA18-D1D3D8C84AEE}.Debug|x86.Build.0 = Debug|Any CPU
		{847FCA24-1C25-485B-AA18-D1D3D8C84AEE}.Release|Any CPU.ActiveCfg = Release|Any CPU
		{847FCA24-1C25-485B-AA18-D1D3D8C84AEE}.Release|Any CPU.Build.0 = Release|Any CPU
		{847FCA24-1C25-485B-AA18-D1D3D8C84AEE}.Release|x64.ActiveCfg = Release|Any CPU
		{847FCA24-1C25-485B-AA18-D1D3D8C84AEE}.Release|x64.Build.0 = Release|Any CPU
		{847FCA24-1C25-485B-AA18-D1D3D8C84AEE}.Release|x86.ActiveCfg = Release|Any CPU
		{847FCA24-1C25-485B-AA18-D1D3D8C84AEE}.Release|x86.Build.0 = Release|Any CPU
		{1271F164-CEE8-4BA9-AF6F-0D79FDDCFBB1}.Debug|Any CPU.ActiveCfg = Debug|Any CPU
		{1271F164-CEE8-4BA9-AF6F-0D79FDDCFBB1}.Debug|Any CPU.Build.0 = Debug|Any CPU
		{1271F164-CEE8-4BA9-AF6F-0D79FDDCFBB1}.Debug|x64.ActiveCfg = Debug|Any CPU
		{1271F164-CEE8-4BA9-AF6F-0D79FDDCFBB1}.Debug|x64.Build.0 = Debug|Any CPU
		{1271F164-CEE8-4BA9-AF6F-0D79FDDCFBB1}.Debug|x86.ActiveCfg = Debug|Any CPU
		{1271F164-CEE8-4BA9-AF6F-0D79FDDCFBB1}.Debug|x86.Build.0 = Debug|Any CPU
		{1271F164-CEE8-4BA9-AF6F-0D79FDDCFBB1}.Release|Any CPU.ActiveCfg = Release|Any CPU
		{1271F164-CEE8-4BA9-AF6F-0D79FDDCFBB1}.Release|Any CPU.Build.0 = Release|Any CPU
		{1271F164-CEE8-4BA9-AF6F-0D79FDDCFBB1}.Release|x64.ActiveCfg = Release|Any CPU
		{1271F164-CEE8-4BA9-AF6F-0D79FDDCFBB1}.Release|x64.Build.0 = Release|Any CPU
		{1271F164-CEE8-4BA9-AF6F-0D79FDDCFBB1}.Release|x86.ActiveCfg = Release|Any CPU
		{1271F164-CEE8-4BA9-AF6F-0D79FDDCFBB1}.Release|x86.Build.0 = Release|Any CPU
		{FF38EF40-47FA-4EB4-9F3D-714B549ABB07}.Debug|Any CPU.ActiveCfg = Debug|Any CPU
		{FF38EF40-47FA-4EB4-9F3D-714B549ABB07}.Debug|Any CPU.Build.0 = Debug|Any CPU
		{FF38EF40-47FA-4EB4-9F3D-714B549ABB07}.Debug|x64.ActiveCfg = Debug|Any CPU
		{FF38EF40-47FA-4EB4-9F3D-714B549ABB07}.Debug|x64.Build.0 = Debug|Any CPU
		{FF38EF40-47FA-4EB4-9F3D-714B549ABB07}.Debug|x86.ActiveCfg = Debug|Any CPU
		{FF38EF40-47FA-4EB4-9F3D-714B549ABB07}.Debug|x86.Build.0 = Debug|Any CPU
		{FF38EF40-47FA-4EB4-9F3D-714B549ABB07}.Release|Any CPU.ActiveCfg = Release|Any CPU
		{FF38EF40-47FA-4EB4-9F3D-714B549ABB07}.Release|Any CPU.Build.0 = Release|Any CPU
		{FF38EF40-47FA-4EB4-9F3D-714B549ABB07}.Release|x64.ActiveCfg = Release|Any CPU
		{FF38EF40-47FA-4EB4-9F3D-714B549ABB07}.Release|x64.Build.0 = Release|Any CPU
		{FF38EF40-47FA-4EB4-9F3D-714B549ABB07}.Release|x86.ActiveCfg = Release|Any CPU
		{FF38EF40-47FA-4EB4-9F3D-714B549ABB07}.Release|x86.Build.0 = Release|Any CPU
		{0F3C712A-0CEC-43BB-AB1B-6E7D5FEECE2F}.Debug|Any CPU.ActiveCfg = Debug|Any CPU
		{0F3C712A-0CEC-43BB-AB1B-6E7D5FEECE2F}.Debug|Any CPU.Build.0 = Debug|Any CPU
		{0F3C712A-0CEC-43BB-AB1B-6E7D5FEECE2F}.Debug|x64.ActiveCfg = Debug|Any CPU
		{0F3C712A-0CEC-43BB-AB1B-6E7D5FEECE2F}.Debug|x64.Build.0 = Debug|Any CPU
		{0F3C712A-0CEC-43BB-AB1B-6E7D5FEECE2F}.Debug|x86.ActiveCfg = Debug|Any CPU
		{0F3C712A-0CEC-43BB-AB1B-6E7D5FEECE2F}.Debug|x86.Build.0 = Debug|Any CPU
		{0F3C712A-0CEC-43BB-AB1B-6E7D5FEECE2F}.Release|Any CPU.ActiveCfg = Release|Any CPU
		{0F3C712A-0CEC-43BB-AB1B-6E7D5FEECE2F}.Release|Any CPU.Build.0 = Release|Any CPU
		{0F3C712A-0CEC-43BB-AB1B-6E7D5FEECE2F}.Release|x64.ActiveCfg = Release|Any CPU
		{0F3C712A-0CEC-43BB-AB1B-6E7D5FEECE2F}.Release|x64.Build.0 = Release|Any CPU
		{0F3C712A-0CEC-43BB-AB1B-6E7D5FEECE2F}.Release|x86.ActiveCfg = Release|Any CPU
		{0F3C712A-0CEC-43BB-AB1B-6E7D5FEECE2F}.Release|x86.Build.0 = Release|Any CPU
		{E2919639-3DA3-4A20-BA55-958146EB6455}.Debug|Any CPU.ActiveCfg = Debug|Any CPU
		{E2919639-3DA3-4A20-BA55-958146EB6455}.Debug|Any CPU.Build.0 = Debug|Any CPU
		{E2919639-3DA3-4A20-BA55-958146EB6455}.Debug|x64.ActiveCfg = Debug|Any CPU
		{E2919639-3DA3-4A20-BA55-958146EB6455}.Debug|x64.Build.0 = Debug|Any CPU
		{E2919639-3DA3-4A20-BA55-958146EB6455}.Debug|x86.ActiveCfg = Debug|Any CPU
		{E2919639-3DA3-4A20-BA55-958146EB6455}.Debug|x86.Build.0 = Debug|Any CPU
		{E2919639-3DA3-4A20-BA55-958146EB6455}.Release|Any CPU.ActiveCfg = Release|Any CPU
		{E2919639-3DA3-4A20-BA55-958146EB6455}.Release|Any CPU.Build.0 = Release|Any CPU
		{E2919639-3DA3-4A20-BA55-958146EB6455}.Release|x64.ActiveCfg = Release|Any CPU
		{E2919639-3DA3-4A20-BA55-958146EB6455}.Release|x64.Build.0 = Release|Any CPU
		{E2919639-3DA3-4A20-BA55-958146EB6455}.Release|x86.ActiveCfg = Release|Any CPU
		{E2919639-3DA3-4A20-BA55-958146EB6455}.Release|x86.Build.0 = Release|Any CPU
		{5C8C88E2-20BE-4C8A-AAE4-BFC35AFD58E0}.Debug|Any CPU.ActiveCfg = Debug|Any CPU
		{5C8C88E2-20BE-4C8A-AAE4-BFC35AFD58E0}.Debug|Any CPU.Build.0 = Debug|Any CPU
		{5C8C88E2-20BE-4C8A-AAE4-BFC35AFD58E0}.Debug|x64.ActiveCfg = Debug|Any CPU
		{5C8C88E2-20BE-4C8A-AAE4-BFC35AFD58E0}.Debug|x64.Build.0 = Debug|Any CPU
		{5C8C88E2-20BE-4C8A-AAE4-BFC35AFD58E0}.Debug|x86.ActiveCfg = Debug|Any CPU
		{5C8C88E2-20BE-4C8A-AAE4-BFC35AFD58E0}.Debug|x86.Build.0 = Debug|Any CPU
		{5C8C88E2-20BE-4C8A-AAE4-BFC35AFD58E0}.Release|Any CPU.ActiveCfg = Release|Any CPU
		{5C8C88E2-20BE-4C8A-AAE4-BFC35AFD58E0}.Release|Any CPU.Build.0 = Release|Any CPU
		{5C8C88E2-20BE-4C8A-AAE4-BFC35AFD58E0}.Release|x64.ActiveCfg = Release|Any CPU
		{5C8C88E2-20BE-4C8A-AAE4-BFC35AFD58E0}.Release|x64.Build.0 = Release|Any CPU
		{5C8C88E2-20BE-4C8A-AAE4-BFC35AFD58E0}.Release|x86.ActiveCfg = Release|Any CPU
		{5C8C88E2-20BE-4C8A-AAE4-BFC35AFD58E0}.Release|x86.Build.0 = Release|Any CPU
		{CB06B94C-DBEF-4645-8408-302602275E29}.Debug|Any CPU.ActiveCfg = Debug|Any CPU
		{CB06B94C-DBEF-4645-8408-302602275E29}.Debug|Any CPU.Build.0 = Debug|Any CPU
		{CB06B94C-DBEF-4645-8408-302602275E29}.Debug|x64.ActiveCfg = Debug|Any CPU
		{CB06B94C-DBEF-4645-8408-302602275E29}.Debug|x64.Build.0 = Debug|Any CPU
		{CB06B94C-DBEF-4645-8408-302602275E29}.Debug|x86.ActiveCfg = Debug|Any CPU
		{CB06B94C-DBEF-4645-8408-302602275E29}.Debug|x86.Build.0 = Debug|Any CPU
		{CB06B94C-DBEF-4645-8408-302602275E29}.Release|Any CPU.ActiveCfg = Release|Any CPU
		{CB06B94C-DBEF-4645-8408-302602275E29}.Release|Any CPU.Build.0 = Release|Any CPU
		{CB06B94C-DBEF-4645-8408-302602275E29}.Release|x64.ActiveCfg = Release|Any CPU
		{CB06B94C-DBEF-4645-8408-302602275E29}.Release|x64.Build.0 = Release|Any CPU
		{CB06B94C-DBEF-4645-8408-302602275E29}.Release|x86.ActiveCfg = Release|Any CPU
		{CB06B94C-DBEF-4645-8408-302602275E29}.Release|x86.Build.0 = Release|Any CPU
		{5FBCA14B-2B81-45CB-A4B6-E2AE77B2DE2A}.Debug|Any CPU.ActiveCfg = Debug|Any CPU
		{5FBCA14B-2B81-45CB-A4B6-E2AE77B2DE2A}.Debug|Any CPU.Build.0 = Debug|Any CPU
		{5FBCA14B-2B81-45CB-A4B6-E2AE77B2DE2A}.Debug|x64.ActiveCfg = Debug|Any CPU
		{5FBCA14B-2B81-45CB-A4B6-E2AE77B2DE2A}.Debug|x64.Build.0 = Debug|Any CPU
		{5FBCA14B-2B81-45CB-A4B6-E2AE77B2DE2A}.Debug|x86.ActiveCfg = Debug|Any CPU
		{5FBCA14B-2B81-45CB-A4B6-E2AE77B2DE2A}.Debug|x86.Build.0 = Debug|Any CPU
		{5FBCA14B-2B81-45CB-A4B6-E2AE77B2DE2A}.Release|Any CPU.ActiveCfg = Release|Any CPU
		{5FBCA14B-2B81-45CB-A4B6-E2AE77B2DE2A}.Release|Any CPU.Build.0 = Release|Any CPU
		{5FBCA14B-2B81-45CB-A4B6-E2AE77B2DE2A}.Release|x64.ActiveCfg = Release|Any CPU
		{5FBCA14B-2B81-45CB-A4B6-E2AE77B2DE2A}.Release|x64.Build.0 = Release|Any CPU
		{5FBCA14B-2B81-45CB-A4B6-E2AE77B2DE2A}.Release|x86.ActiveCfg = Release|Any CPU
		{5FBCA14B-2B81-45CB-A4B6-E2AE77B2DE2A}.Release|x86.Build.0 = Release|Any CPU
	EndGlobalSection
	GlobalSection(SolutionProperties) = preSolution
		HideSolutionNode = FALSE
	EndGlobalSection
	GlobalSection(NestedProjects) = preSolution
		{695C77FD-8FC4-4B37-EACA-46A3674453D9} = {827E0CD3-B72D-47B6-A68D-7590B98EB39B}
		{39D438BC-1FAF-1E4F-CDB3-9DF0CF252433} = {695C77FD-8FC4-4B37-EACA-46A3674453D9}
		{DA3D9694-777C-81E6-3498-8B941EC38B6D} = {39D438BC-1FAF-1E4F-CDB3-9DF0CF252433}
		{65AD885B-D323-4B38-8A4E-1AD6687AD21D} = {DA3D9694-777C-81E6-3498-8B941EC38B6D}
		{FB2FA579-F1B5-E751-D1A8-6BA8F753179B} = {39D438BC-1FAF-1E4F-CDB3-9DF0CF252433}
		{1C5C3DFC-4E3F-4B07-A4EF-1F6849985B71} = {FB2FA579-F1B5-E751-D1A8-6BA8F753179B}
		{2F2F2146-6C1E-8AE7-8FEB-16D05FA9572D} = {39D438BC-1FAF-1E4F-CDB3-9DF0CF252433}
		{246760DB-24BC-4CFF-AEF2-263B4F7BF3F7} = {2F2F2146-6C1E-8AE7-8FEB-16D05FA9572D}
		{01E63F61-7851-FEF7-2858-064027261594} = {39D438BC-1FAF-1E4F-CDB3-9DF0CF252433}
		{D2CF5901-BB88-409E-9C65-B3629358733F} = {01E63F61-7851-FEF7-2858-064027261594}
		{F0DBEE09-A70B-1348-353F-A9F9CB1A3D40} = {39D438BC-1FAF-1E4F-CDB3-9DF0CF252433}
		{847FCA24-1C25-485B-AA18-D1D3D8C84AEE} = {F0DBEE09-A70B-1348-353F-A9F9CB1A3D40}
		{1D332773-D44C-27B7-38B1-38A692E1AED5} = {39D438BC-1FAF-1E4F-CDB3-9DF0CF252433}
		{1271F164-CEE8-4BA9-AF6F-0D79FDDCFBB1} = {1D332773-D44C-27B7-38B1-38A692E1AED5}
		{1874F4BD-3E18-805F-B522-A9B6D8F6873A} = {39D438BC-1FAF-1E4F-CDB3-9DF0CF252433}
		{FF38EF40-47FA-4EB4-9F3D-714B549ABB07} = {1874F4BD-3E18-805F-B522-A9B6D8F6873A}
		{0013698B-260C-D954-7F22-6526D0A3B70C} = {39D438BC-1FAF-1E4F-CDB3-9DF0CF252433}
		{0F3C712A-0CEC-43BB-AB1B-6E7D5FEECE2F} = {0013698B-260C-D954-7F22-6526D0A3B70C}
		{924A9930-8A23-A708-2DD3-1DB81FB348C2} = {39D438BC-1FAF-1E4F-CDB3-9DF0CF252433}
		{E2919639-3DA3-4A20-BA55-958146EB6455} = {924A9930-8A23-A708-2DD3-1DB81FB348C2}
		{5C8C88E2-20BE-4C8A-AAE4-BFC35AFD58E0} = {0C88DD14-F956-CE84-757C-A364CCF449FC}
		{28A02535-94E5-0697-5603-1590EB422D40} = {39D438BC-1FAF-1E4F-CDB3-9DF0CF252433}
		{CB06B94C-DBEF-4645-8408-302602275E29} = {28A02535-94E5-0697-5603-1590EB422D40}
		{8547CA4C-37DE-B7F4-6A51-6CF5A0CBB7C0} = {0C88DD14-F956-CE84-757C-A364CCF449FC}
		{FF0F4B3E-A8D8-D20A-2801-D1C70D33B3B1} = {8547CA4C-37DE-B7F4-6A51-6CF5A0CBB7C0}
		{3885F16A-3681-1DE7-4D2D-DA979AD8A438} = {FF0F4B3E-A8D8-D20A-2801-D1C70D33B3B1}
		{5FBCA14B-2B81-45CB-A4B6-E2AE77B2DE2A} = {3885F16A-3681-1DE7-4D2D-DA979AD8A438}
	EndGlobalSection
EndGlobal
